
Microsoft Visual Studio Solution File, Format Version 12.00
# Visual Studio 15
VisualStudioVersion = 15.0.28307.757
MinimumVisualStudioVersion = 10.0.40219.1
Project("{FAE04EC0-301F-11D3-BF4B-00C04F79EFBC}") = "Agenda.Android", "Agenda\Agenda.Android\Agenda.Android.csproj", "{E0FA28E7-1DD6-48A9-B963-BD6B1906D706}"
EndProject
Project("{FAE04EC0-301F-11D3-BF4B-00C04F79EFBC}") = "Agenda", "Agenda\Agenda\Agenda.csproj", "{2AD3D476-FB39-4496-A0D7-939AAC39C688}"
EndProject
Global
	GlobalSection(SolutionConfigurationPlatforms) = preSolution
		Debug|Any CPU = Debug|Any CPU
		Release|Any CPU = Release|Any CPU
	EndGlobalSection
	GlobalSection(ProjectConfigurationPlatforms) = postSolution
		{E0FA28E7-1DD6-48A9-B963-BD6B1906D706}.Debug|Any CPU.ActiveCfg = Debug|Any CPU
		{E0FA28E7-1DD6-48A9-B963-BD6B1906D706}.Debug|Any CPU.Build.0 = Debug|Any CPU
		{E0FA28E7-1DD6-48A9-B963-BD6B1906D706}.Debug|Any CPU.Deploy.0 = Debug|Any CPU
		{E0FA28E7-1DD6-48A9-B963-BD6B1906D706}.Release|Any CPU.ActiveCfg = Release|Any CPU
		{E0FA28E7-1DD6-48A9-B963-BD6B1906D706}.Release|Any CPU.Build.0 = Release|Any CPU
		{E0FA28E7-1DD6-48A9-B963-BD6B1906D706}.Release|Any CPU.Deploy.0 = Release|Any CPU
		{2AD3D476-FB39-4496-A0D7-939AAC39C688}.Debug|Any CPU.ActiveCfg = Debug|Any CPU
		{2AD3D476-FB39-4496-A0D7-939AAC39C688}.Debug|Any CPU.Build.0 = Debug|Any CPU
		{2AD3D476-FB39-4496-A0D7-939AAC39C688}.Debug|Any CPU.Deploy.0 = Debug|Any CPU
		{2AD3D476-FB39-4496-A0D7-939AAC39C688}.Release|Any CPU.ActiveCfg = Release|Any CPU
		{2AD3D476-FB39-4496-A0D7-939AAC39C688}.Release|Any CPU.Build.0 = Release|Any CPU
		{2AD3D476-FB39-4496-A0D7-939AAC39C688}.Release|Any CPU.Deploy.0 = Release|Any CPU
	EndGlobalSection
	GlobalSection(SolutionProperties) = preSolution
		HideSolutionNode = FALSE
	EndGlobalSection
	GlobalSection(ExtensibilityGlobals) = postSolution
		SolutionGuid = {DD44C3C6-5021-4584-AD7C-68DDAA0D6DFB}
	EndGlobalSection
EndGlobal
